{
  "version": "4",
  "specifiers": {
    "jsr:@std/assert@^1.0.11": "1.0.11",
    "jsr:@std/collections@^1.0.10": "1.0.10",
    "jsr:@std/internal@^1.0.5": "1.0.5",
    "jsr:@submarin-converter/plugin-cjp@~0.3.1": "0.3.1",
    "jsr:@submarin-converter/plugin-genhera@~0.3.1": "0.3.1",
    "npm:cjp@^2.3.1": "2.3.1",
    "npm:genhera@^1.1.0": "1.1.0"
  },
  "jsr": {
    "@std/assert@1.0.11": {
      "integrity": "2461ef3c368fe88bc60e186e7744a93112f16fd110022e113a0849e94d1c83c1",
      "dependencies": [
        "jsr:@std/internal"
      ]
    },
    "@std/collections@1.0.10": {
      "integrity": "903af106a3d92970d74e20f7ebff77d9658af9bef4403f1dc42a7801c0575899"
    },
    "@std/internal@1.0.5": {
      "integrity": "54a546004f769c1ac9e025abd15a76b6671ddc9687e2313b67376125650dc7ba"
    },
    "@submarin-converter/plugin-cjp@0.3.1": {
      "integrity": "575babeefd1523d8fbc62462a02fa46a0a29a374b2c4691cf534dc341d8b95cc",
      "dependencies": [
        "npm:cjp"
      ]
    },
    "@submarin-converter/plugin-genhera@0.3.1": {
      "integrity": "5dabaf7df3570fce5338378643a6a499de76ecbb0a3bdaff97cfcc203146c3d0",
      "dependencies": [
        "npm:genhera"
      ]
    }
  },
  "npm": {
    "@submarin/generator@1.0.0": {
      "integrity": "sha512-XuBVSRN5XGzVJYyrBj+pFo3GmubpKwWoRfyhO6p/VuCHAQ7zpPU+0k6Yuiw0pauWIsuJwdcRWhZgRXIxG2kalA=="
    },
    "cjp@2.3.1": {
      "integrity": "sha512-TeovKU2X165UpIrDtGb5zP05YcY+dYEAoNO0hT8RcB8Bpj2qMigR5/iGJNOFE/DwEmdKs4dIN3EoZKX4aa8X/w=="
    },
    "genhera@1.1.0": {
      "integrity": "sha512-dSBDvfde489r876QaBIVx8fOzYI3JSgg/qvnit0GzGkrOoCn5zvKiQYlgIe2a3YqxM37vWWJ9yb+ze4Zdv127A==",
      "dependencies": [
        "@submarin/generator"
      ]
    }
  },
  "workspace": {
    "dependencies": [
      "jsr:@std/assert@^1.0.11",
      "jsr:@std/collections@^1.0.10",
      "jsr:@submarin-converter/plugin-cjp@~0.3.1",
      "jsr:@submarin-converter/plugin-genhera@~0.3.1"
    ]
  }
}
